# This file is generated by running "yarn install" inside your project.
# Manual changes might be lost - proceed with caution!

__metadata:
  version: 8
  cacheKey: 10c0

"@discordjs/builders@npm:^1.8.2":
  version: 1.8.2
  resolution: "@discordjs/builders@npm:1.8.2"
  dependencies:
    "@discordjs/formatters": "npm:^0.4.0"
    "@discordjs/util": "npm:^1.1.0"
    "@sapphire/shapeshift": "npm:^3.9.7"
    discord-api-types: "npm:0.37.83"
    fast-deep-equal: "npm:^3.1.3"
    ts-mixer: "npm:^6.0.4"
    tslib: "npm:^2.6.2"
  checksum: 10c0/108fe8903e9bc875a28b39629589391e44f41835169114e93c15548b5635632862168d4bec3392eac12e981d06b830d90f11b7af38fd664d7ea9cfa46b0726f3
  languageName: node
  linkType: hard

"@discordjs/collection@npm:1.5.3":
  version: 1.5.3
  resolution: "@discordjs/collection@npm:1.5.3"
  checksum: 10c0/54338e005e9a1c6a5c91464cbcc378a5bf74410ad5b8bba1961b80d0ec8f1eb1b768ea737ad03bcb62430ea84aa5561523318b739538b334115ed775630ca42c
  languageName: node
  linkType: hard

"@discordjs/collection@npm:^2.1.0":
  version: 2.1.0
  resolution: "@discordjs/collection@npm:2.1.0"
  checksum: 10c0/537df017962d4b98a35768db0d47e457a3f64daf550921368f98d3fbd66358d76f00ce01eac61163841b353747e702d1e1ea8badfdc2fb5a412eae7e84b1c607
  languageName: node
  linkType: hard

"@discordjs/formatters@npm:^0.4.0":
  version: 0.4.0
  resolution: "@discordjs/formatters@npm:0.4.0"
  dependencies:
    discord-api-types: "npm:0.37.83"
  checksum: 10c0/9788e00559155f1767f85d02f14b0368affd4b7b86c1ff2207779906093ad9caf86cd74a60e681da5e762234b45fc9368c044247a484b4691cd652d5ff0d4f70
  languageName: node
  linkType: hard

"@discordjs/rest@npm:^2.3.0":
  version: 2.3.0
  resolution: "@discordjs/rest@npm:2.3.0"
  dependencies:
    "@discordjs/collection": "npm:^2.1.0"
    "@discordjs/util": "npm:^1.1.0"
    "@sapphire/async-queue": "npm:^1.5.2"
    "@sapphire/snowflake": "npm:^3.5.3"
    "@vladfrangu/async_event_emitter": "npm:^2.2.4"
    discord-api-types: "npm:0.37.83"
    magic-bytes.js: "npm:^1.10.0"
    tslib: "npm:^2.6.2"
    undici: "npm:6.13.0"
  checksum: 10c0/f971c16f4095fd9f092d8d73dfed788341823bc06901b5b6b3b15a65697dc6bff4cc6ade93bedc2c2a6e01d39dae8bac9ebbed59a3a336fdbf2d81a4e63d2581
  languageName: node
  linkType: hard

"@discordjs/util@npm:^1.1.0":
  version: 1.1.0
  resolution: "@discordjs/util@npm:1.1.0"
  checksum: 10c0/e4a7945b17eb86b3fa5bf49e49e0d0786c8f39e66bbeee19f01db4e817cf5a4761e684ec63a7d832722648d0e23236eeb21c450c34a11683102813a23701bda4
  languageName: node
  linkType: hard

"@discordjs/ws@npm:^1.1.1":
  version: 1.1.1
  resolution: "@discordjs/ws@npm:1.1.1"
  dependencies:
    "@discordjs/collection": "npm:^2.1.0"
    "@discordjs/rest": "npm:^2.3.0"
    "@discordjs/util": "npm:^1.1.0"
    "@sapphire/async-queue": "npm:^1.5.2"
    "@types/ws": "npm:^8.5.10"
    "@vladfrangu/async_event_emitter": "npm:^2.2.4"
    discord-api-types: "npm:0.37.83"
    tslib: "npm:^2.6.2"
    ws: "npm:^8.16.0"
  checksum: 10c0/57e46534e3ea8ba53c1fbd282d4f0aa03563e10244847f6e6393957a56d05ae0af52c43114d6a6e1d7a3f3127498b09efd69dd3da11abe5e4a5170ac2e269178
  languageName: node
  linkType: hard

"@esbuild/aix-ppc64@npm:0.23.0":
  version: 0.23.0
  resolution: "@esbuild/aix-ppc64@npm:0.23.0"
  conditions: os=aix & cpu=ppc64
  languageName: node
  linkType: hard

"@esbuild/android-arm64@npm:0.23.0":
  version: 0.23.0
  resolution: "@esbuild/android-arm64@npm:0.23.0"
  conditions: os=android & cpu=arm64
  languageName: node
  linkType: hard

"@esbuild/android-arm@npm:0.23.0":
  version: 0.23.0
  resolution: "@esbuild/android-arm@npm:0.23.0"
  conditions: os=android & cpu=arm
  languageName: node
  linkType: hard

"@esbuild/android-x64@npm:0.23.0":
  version: 0.23.0
  resolution: "@esbuild/android-x64@npm:0.23.0"
  conditions: os=android & cpu=x64
  languageName: node
  linkType: hard

"@esbuild/darwin-arm64@npm:0.23.0":
  version: 0.23.0
  resolution: "@esbuild/darwin-arm64@npm:0.23.0"
  conditions: os=darwin & cpu=arm64
  languageName: node
  linkType: hard

"@esbuild/darwin-x64@npm:0.23.0":
  version: 0.23.0
  resolution: "@esbuild/darwin-x64@npm:0.23.0"
  conditions: os=darwin & cpu=x64
  languageName: node
  linkType: hard

"@esbuild/freebsd-arm64@npm:0.23.0":
  version: 0.23.0
  resolution: "@esbuild/freebsd-arm64@npm:0.23.0"
  conditions: os=freebsd & cpu=arm64
  languageName: node
  linkType: hard

"@esbuild/freebsd-x64@npm:0.23.0":
  version: 0.23.0
  resolution: "@esbuild/freebsd-x64@npm:0.23.0"
  conditions: os=freebsd & cpu=x64
  languageName: node
  linkType: hard

"@esbuild/linux-arm64@npm:0.23.0":
  version: 0.23.0
  resolution: "@esbuild/linux-arm64@npm:0.23.0"
  conditions: os=linux & cpu=arm64
  languageName: node
  linkType: hard

"@esbuild/linux-arm@npm:0.23.0":
  version: 0.23.0
  resolution: "@esbuild/linux-arm@npm:0.23.0"
  conditions: os=linux & cpu=arm
  languageName: node
  linkType: hard

"@esbuild/linux-ia32@npm:0.23.0":
  version: 0.23.0
  resolution: "@esbuild/linux-ia32@npm:0.23.0"
  conditions: os=linux & cpu=ia32
  languageName: node
  linkType: hard

"@esbuild/linux-loong64@npm:0.23.0":
  version: 0.23.0
  resolution: "@esbuild/linux-loong64@npm:0.23.0"
  conditions: os=linux & cpu=loong64
  languageName: node
  linkType: hard

"@esbuild/linux-mips64el@npm:0.23.0":
  version: 0.23.0
  resolution: "@esbuild/linux-mips64el@npm:0.23.0"
  conditions: os=linux & cpu=mips64el
  languageName: node
  linkType: hard

"@esbuild/linux-ppc64@npm:0.23.0":
  version: 0.23.0
  resolution: "@esbuild/linux-ppc64@npm:0.23.0"
  conditions: os=linux & cpu=ppc64
  languageName: node
  linkType: hard

"@esbuild/linux-riscv64@npm:0.23.0":
  version: 0.23.0
  resolution: "@esbuild/linux-riscv64@npm:0.23.0"
  conditions: os=linux & cpu=riscv64
  languageName: node
  linkType: hard

"@esbuild/linux-s390x@npm:0.23.0":
  version: 0.23.0
  resolution: "@esbuild/linux-s390x@npm:0.23.0"
  conditions: os=linux & cpu=s390x
  languageName: node
  linkType: hard

"@esbuild/linux-x64@npm:0.23.0":
  version: 0.23.0
  resolution: "@esbuild/linux-x64@npm:0.23.0"
  conditions: os=linux & cpu=x64
  languageName: node
  linkType: hard

"@esbuild/netbsd-x64@npm:0.23.0":
  version: 0.23.0
  resolution: "@esbuild/netbsd-x64@npm:0.23.0"
  conditions: os=netbsd & cpu=x64
  languageName: node
  linkType: hard

"@esbuild/openbsd-arm64@npm:0.23.0":
  version: 0.23.0
  resolution: "@esbuild/openbsd-arm64@npm:0.23.0"
  conditions: os=openbsd & cpu=arm64
  languageName: node
  linkType: hard

"@esbuild/openbsd-x64@npm:0.23.0":
  version: 0.23.0
  resolution: "@esbuild/openbsd-x64@npm:0.23.0"
  conditions: os=openbsd & cpu=x64
  languageName: node
  linkType: hard

"@esbuild/sunos-x64@npm:0.23.0":
  version: 0.23.0
  resolution: "@esbuild/sunos-x64@npm:0.23.0"
  conditions: os=sunos & cpu=x64
  languageName: node
  linkType: hard

"@esbuild/win32-arm64@npm:0.23.0":
  version: 0.23.0
  resolution: "@esbuild/win32-arm64@npm:0.23.0"
  conditions: os=win32 & cpu=arm64
  languageName: node
  linkType: hard

"@esbuild/win32-ia32@npm:0.23.0":
  version: 0.23.0
  resolution: "@esbuild/win32-ia32@npm:0.23.0"
  conditions: os=win32 & cpu=ia32
  languageName: node
  linkType: hard

"@esbuild/win32-x64@npm:0.23.0":
  version: 0.23.0
  resolution: "@esbuild/win32-x64@npm:0.23.0"
  conditions: os=win32 & cpu=x64
  languageName: node
  linkType: hard

"@sapphire/async-queue@npm:^1.5.2":
  version: 1.5.3
  resolution: "@sapphire/async-queue@npm:1.5.3"
  checksum: 10c0/fcf860cdde9bfbc1625dab5e11924caa871c9e741a8fb836193a519267179a4a1979604f88f8a40855c6b931bc82d489dcd11d034fea38bb8a4d9816ab821ed1
  languageName: node
  linkType: hard

"@sapphire/shapeshift@npm:^3.9.7":
  version: 3.9.7
  resolution: "@sapphire/shapeshift@npm:3.9.7"
  dependencies:
    fast-deep-equal: "npm:^3.1.3"
    lodash: "npm:^4.17.21"
  checksum: 10c0/29883d4c1986714fd4b2a7e4a58bf30a4598a02bbe031605dd99b766310a98889e2ae6f16bf37f43d91cf5960733dc1a619bfdaa85a96bc0ff9cc5ce57b8e689
  languageName: node
  linkType: hard

"@sapphire/snowflake@npm:3.5.3, @sapphire/snowflake@npm:^3.5.3":
  version: 3.5.3
  resolution: "@sapphire/snowflake@npm:3.5.3"
  checksum: 10c0/361b6a3e16eea4eb48b2608005ce397d4163065ccd84077059a0f609b97fb9cc52a173d7a64bbfce6f5d1e77be0f9704fd72ef64683a3dc7e455e9b4a1c90db1
  languageName: node
  linkType: hard

"@types/node@npm:*":
  version: 22.3.0
  resolution: "@types/node@npm:22.3.0"
  dependencies:
    undici-types: "npm:~6.18.2"
  checksum: 10c0/855be3b97f4262a84818f889ff898e147dcef4f72b866e3551a8367380cdb63a45cf3929f09d9a0647f62706f8d4772e91a1ecd1bd7c6a80d6744c2b0cbca608
  languageName: node
  linkType: hard

"@types/ws@npm:^8.5.10":
  version: 8.5.12
  resolution: "@types/ws@npm:8.5.12"
  dependencies:
    "@types/node": "npm:*"
  checksum: 10c0/3fd77c9e4e05c24ce42bfc7647f7506b08c40a40fe2aea236ef6d4e96fc7cb4006a81ed1b28ec9c457e177a74a72924f4768b7b4652680b42dfd52bc380e15f9
  languageName: node
  linkType: hard

"@vladfrangu/async_event_emitter@npm:^2.2.4":
  version: 2.4.5
  resolution: "@vladfrangu/async_event_emitter@npm:2.4.5"
  checksum: 10c0/2bb9d08a2a29b3c6af0e207099753f0d697bb75114cf690a5e43e455073b9ab2dd866ff60590fc8aaf9e94a302b3137d68461f1fecf87c44ee9cbbe3a8a0fd5c
  languageName: node
  linkType: hard

"discord-api-types@npm:0.37.83":
  version: 0.37.83
  resolution: "discord-api-types@npm:0.37.83"
  checksum: 10c0/cc1fd6c27a4076a47b1dae71212da52dd2265785edc3b099e3f0b05dae1df469e1a90e8159beff8fbdb37d65324cae4196625568541df6b9afdc80c300936ed6
  languageName: node
  linkType: hard

"discord-to-fvtt@workspace:.":
  version: 0.0.0-use.local
  resolution: "discord-to-fvtt@workspace:."
  dependencies:
    discord.js: "npm:^14.15.3"
    esbuild: "npm:^0.23.0"
    prettier: "npm:^3.3.3"
    prompts: "npm:^2.4.2"
  languageName: unknown
  linkType: soft

"discord.js@npm:^14.15.3":
  version: 14.15.3
  resolution: "discord.js@npm:14.15.3"
  dependencies:
    "@discordjs/builders": "npm:^1.8.2"
    "@discordjs/collection": "npm:1.5.3"
    "@discordjs/formatters": "npm:^0.4.0"
    "@discordjs/rest": "npm:^2.3.0"
    "@discordjs/util": "npm:^1.1.0"
    "@discordjs/ws": "npm:^1.1.1"
    "@sapphire/snowflake": "npm:3.5.3"
    discord-api-types: "npm:0.37.83"
    fast-deep-equal: "npm:3.1.3"
    lodash.snakecase: "npm:4.1.1"
    tslib: "npm:2.6.2"
    undici: "npm:6.13.0"
  checksum: 10c0/21a4e28541c29bf7170835f42cebc684e83615221f3c1262677e1f363e8fd28e7367e35bceabaea15873d965aecf0a832df6d572790ddec104bd0e025d11bdb8
  languageName: node
  linkType: hard

"esbuild@npm:^0.23.0":
  version: 0.23.0
  resolution: "esbuild@npm:0.23.0"
  dependencies:
    "@esbuild/aix-ppc64": "npm:0.23.0"
    "@esbuild/android-arm": "npm:0.23.0"
    "@esbuild/android-arm64": "npm:0.23.0"
    "@esbuild/android-x64": "npm:0.23.0"
    "@esbuild/darwin-arm64": "npm:0.23.0"
    "@esbuild/darwin-x64": "npm:0.23.0"
    "@esbuild/freebsd-arm64": "npm:0.23.0"
    "@esbuild/freebsd-x64": "npm:0.23.0"
    "@esbuild/linux-arm": "npm:0.23.0"
    "@esbuild/linux-arm64": "npm:0.23.0"
    "@esbuild/linux-ia32": "npm:0.23.0"
    "@esbuild/linux-loong64": "npm:0.23.0"
    "@esbuild/linux-mips64el": "npm:0.23.0"
    "@esbuild/linux-ppc64": "npm:0.23.0"
    "@esbuild/linux-riscv64": "npm:0.23.0"
    "@esbuild/linux-s390x": "npm:0.23.0"
    "@esbuild/linux-x64": "npm:0.23.0"
    "@esbuild/netbsd-x64": "npm:0.23.0"
    "@esbuild/openbsd-arm64": "npm:0.23.0"
    "@esbuild/openbsd-x64": "npm:0.23.0"
    "@esbuild/sunos-x64": "npm:0.23.0"
    "@esbuild/win32-arm64": "npm:0.23.0"
    "@esbuild/win32-ia32": "npm:0.23.0"
    "@esbuild/win32-x64": "npm:0.23.0"
  dependenciesMeta:
    "@esbuild/aix-ppc64":
      optional: true
    "@esbuild/android-arm":
      optional: true
    "@esbuild/android-arm64":
      optional: true
    "@esbuild/android-x64":
      optional: true
    "@esbuild/darwin-arm64":
      optional: true
    "@esbuild/darwin-x64":
      optional: true
    "@esbuild/freebsd-arm64":
      optional: true
    "@esbuild/freebsd-x64":
      optional: true
    "@esbuild/linux-arm":
      optional: true
    "@esbuild/linux-arm64":
      optional: true
    "@esbuild/linux-ia32":
      optional: true
    "@esbuild/linux-loong64":
      optional: true
    "@esbuild/linux-mips64el":
      optional: true
    "@esbuild/linux-ppc64":
      optional: true
    "@esbuild/linux-riscv64":
      optional: true
    "@esbuild/linux-s390x":
      optional: true
    "@esbuild/linux-x64":
      optional: true
    "@esbuild/netbsd-x64":
      optional: true
    "@esbuild/openbsd-arm64":
      optional: true
    "@esbuild/openbsd-x64":
      optional: true
    "@esbuild/sunos-x64":
      optional: true
    "@esbuild/win32-arm64":
      optional: true
    "@esbuild/win32-ia32":
      optional: true
    "@esbuild/win32-x64":
      optional: true
  bin:
    esbuild: bin/esbuild
  checksum: 10c0/08c148c067795165798c0467ce02d2d1ecedc096989bded5f0d795c61a1fcbec6c14d0a3c9f4ad6185cc29ec52087acaa335ed6d98be6ad57f7fa4264626bde0
  languageName: node
  linkType: hard

"fast-deep-equal@npm:3.1.3, fast-deep-equal@npm:^3.1.3":
  version: 3.1.3
  resolution: "fast-deep-equal@npm:3.1.3"
  checksum: 10c0/40dedc862eb8992c54579c66d914635afbec43350afbbe991235fdcb4e3a8d5af1b23ae7e79bef7d4882d0ecee06c3197488026998fb19f72dc95acff1d1b1d0
  languageName: node
  linkType: hard

"kleur@npm:^3.0.3":
  version: 3.0.3
  resolution: "kleur@npm:3.0.3"
  checksum: 10c0/cd3a0b8878e7d6d3799e54340efe3591ca787d9f95f109f28129bdd2915e37807bf8918bb295ab86afb8c82196beec5a1adcaf29042ce3f2bd932b038fe3aa4b
  languageName: node
  linkType: hard

"lodash.snakecase@npm:4.1.1":
  version: 4.1.1
  resolution: "lodash.snakecase@npm:4.1.1"
  checksum: 10c0/f0b3f2497eb20eea1a1cfc22d645ecaeb78ac14593eb0a40057977606d2f35f7aaff0913a06553c783b535aafc55b718f523f9eb78f8d5293f492af41002eaf9
  languageName: node
  linkType: hard

"lodash@npm:^4.17.21":
  version: 4.17.21
  resolution: "lodash@npm:4.17.21"
  checksum: 10c0/d8cbea072bb08655bb4c989da418994b073a608dffa608b09ac04b43a791b12aeae7cd7ad919aa4c925f33b48490b5cfe6c1f71d827956071dae2e7bb3a6b74c
  languageName: node
  linkType: hard

"magic-bytes.js@npm:^1.10.0":
  version: 1.10.0
  resolution: "magic-bytes.js@npm:1.10.0"
  checksum: 10c0/aa751a9be6baa80da19b395a4c538e1dcf652a3760a2e507b9e04c4cb3832635b718f8a947e5b0a434a1b323792632002f98815b3389f0beb3af1c4d51eb339e
  languageName: node
  linkType: hard

"prettier@npm:^3.3.3":
  version: 3.3.3
  resolution: "prettier@npm:3.3.3"
  bin:
    prettier: bin/prettier.cjs
  checksum: 10c0/b85828b08e7505716324e4245549b9205c0cacb25342a030ba8885aba2039a115dbcf75a0b7ca3b37bc9d101ee61fab8113fc69ca3359f2a226f1ecc07ad2e26
  languageName: node
  linkType: hard

"prompts@npm:^2.4.2":
  version: 2.4.2
  resolution: "prompts@npm:2.4.2"
  dependencies:
    kleur: "npm:^3.0.3"
    sisteransi: "npm:^1.0.5"
  checksum: 10c0/16f1ac2977b19fe2cf53f8411cc98db7a3c8b115c479b2ca5c82b5527cd937aa405fa04f9a5960abeb9daef53191b53b4d13e35c1f5d50e8718c76917c5f1ea4
  languageName: node
  linkType: hard

"sisteransi@npm:^1.0.5":
  version: 1.0.5
  resolution: "sisteransi@npm:1.0.5"
  checksum: 10c0/230ac975cca485b7f6fe2b96a711aa62a6a26ead3e6fb8ba17c5a00d61b8bed0d7adc21f5626b70d7c33c62ff4e63933017a6462942c719d1980bb0b1207ad46
  languageName: node
  linkType: hard

"ts-mixer@npm:^6.0.4":
  version: 6.0.4
  resolution: "ts-mixer@npm:6.0.4"
  checksum: 10c0/4c442fc99cdffd4a3f0ce55c624fb703f4ded5cab6912f97705489565c4a74d3e4213f10c33499ec5150900a628d38537a9a6a9e35b5045b65129a84b4db21ae
  languageName: node
  linkType: hard

"tslib@npm:2.6.2":
  version: 2.6.2
  resolution: "tslib@npm:2.6.2"
  checksum: 10c0/e03a8a4271152c8b26604ed45535954c0a45296e32445b4b87f8a5abdb2421f40b59b4ca437c4346af0f28179780d604094eb64546bee2019d903d01c6c19bdb
  languageName: node
  linkType: hard

"tslib@npm:^2.6.2":
  version: 2.6.3
  resolution: "tslib@npm:2.6.3"
  checksum: 10c0/2598aef53d9dbe711af75522464b2104724d6467b26a60f2bdac8297d2b5f1f6b86a71f61717384aa8fd897240467aaa7bcc36a0700a0faf751293d1331db39a
  languageName: node
  linkType: hard

"undici-types@npm:~6.18.2":
  version: 6.18.2
  resolution: "undici-types@npm:6.18.2"
  checksum: 10c0/dea28163891a5af7624c120107dc07a74c369ee94c6dd1d0de29af061ee129fac4846f97130589f4436b85f6102c73d30328ca908be02626dd8ab9fec5642aba
  languageName: node
  linkType: hard

"undici@npm:6.13.0":
  version: 6.13.0
  resolution: "undici@npm:6.13.0"
  checksum: 10c0/b1b0456e7d4e87fd4f71a2a0716d8ea826f024fbcf16b7c6185194ca138cb822c20db509ed18c837fffcd9ffc3d74004ad6f950ebc895ff81ebb5ca6bf001cb2
  languageName: node
  linkType: hard

"ws@npm:^8.16.0":
  version: 8.18.0
  resolution: "ws@npm:8.18.0"
  peerDependencies:
    bufferutil: ^4.0.1
    utf-8-validate: ">=5.0.2"
  peerDependenciesMeta:
    bufferutil:
      optional: true
    utf-8-validate:
      optional: true
  checksum: 10c0/25eb33aff17edcb90721ed6b0eb250976328533ad3cd1a28a274bd263682e7296a6591ff1436d6cbc50fa67463158b062f9d1122013b361cec99a05f84680e06
  languageName: node
  linkType: hard
